
Microsoft Visual Studio Solution File, Format Version 12.00
# Visual Studio Version 16
VisualStudioVersion = 16.0.31910.168
MinimumVisualStudioVersion = 10.0.40219.1
Project("{FAE04EC0-301F-11D3-BF4B-00C04F79EFBC}") = "JumpNGun", "JumpNGun.csproj", "{7EAE7145-EC6A-4199-8B27-A63F96D5927F}"
EndProject
Global
	GlobalSection(SolutionConfigurationPlatforms) = preSolution
		Debug|Any CPU = Debug|Any CPU
		Release|Any CPU = Release|Any CPU
	EndGlobalSection
	GlobalSection(ProjectConfigurationPlatforms) = postSolution
		{7EAE7145-EC6A-4199-8B27-A63F96D5927F}.Debug|Any CPU.ActiveCfg = Debug|Any CPU
		{7EAE7145-EC6A-4199-8B27-A63F96D5927F}.Debug|Any CPU.Build.0 = Debug|Any CPU
		{7EAE7145-EC6A-4199-8B27-A63F96D5927F}.Release|Any CPU.ActiveCfg = Release|Any CPU
		{7EAE7145-EC6A-4199-8B27-A63F96D5927F}.Release|Any CPU.Build.0 = Release|Any CPU
	EndGlobalSection
	GlobalSection(SolutionProperties) = preSolution
		HideSolutionNode = FALSE
	EndGlobalSection
	GlobalSection(ExtensibilityGlobals) = postSolution
		SolutionGuid = {E405DDB6-B81A-4B2F-ACAB-B84028642CC0}
	EndGlobalSection
EndGlobal
